{
  "name": "app-pkg",
  "version": "1.0.0",
  "lockfileVersion": 1,
  "requires": true,
  "dependencies": {
    "babel-polyfill": {
      "version": "6.26.0",
      "resolved": "https://registry.npmjs.org/babel-polyfill/-/babel-polyfill-6.26.0.tgz",
      "integrity": "sha1-N5k3q8Z9eJWXCtxiHyhM2WbPIVM=",
      "requires": {
        "babel-runtime": "^6.26.0",
        "core-js": "^2.5.0",
        "regenerator-runtime": "^0.10.5"
      }
    },
    "babel-runtime": {
      "version": "6.26.0",
      "resolved": "https://registry.npmjs.org/babel-runtime/-/babel-runtime-6.26.0.tgz",
      "integrity": "sha1-llxwWGaOgrVde/4E/yM3vItWR/4=",
      "requires": {
        "core-js": "^2.4.0",
        "regenerator-runtime": "^0.11.0"
      },
      "dependencies": {
        "regenerator-runtime": {
          "version": "0.11.1",
          "resolved": "https://registry.npmjs.org/regenerator-runtime/-/regenerator-runtime-0.11.1.tgz",
          "integrity": "sha512-MguG95oij0fC3QV3URf4V2SDYGJhJnJGqvIIgdECeODCT98wSWDAJ94SSuVpYQUoTcGUIL6L4yNB7j1DFFHSBg=="
        }
      }
    },
    "core-js": {
      "version": "2.6.3",
      "resolved": "https://registry.npmjs.org/core-js/-/core-js-2.6.3.tgz",
      "integrity": "sha512-l00tmFFZOBHtYhN4Cz7k32VM7vTn3rE2ANjQDxdEN6zmXZ/xq1jQuutnmHvMG1ZJ7xd72+TA5YpUK8wz3rWsfQ=="
    },
    "regenerator-runtime": {
      "version": "0.10.5",
      "resolved": "https://registry.npmjs.org/regenerator-runtime/-/regenerator-runtime-0.10.5.tgz",
      "integrity": "sha1-M2w+/BIgrc7dosn6tntaeVWjNlg="
    },
    "ui-pkg": {
      "version": "1.0.0",
      "requires": {
        "prop-types": "^15.6.2",
        "styled-components": "^4.1.3"
      },
      "dependencies": {
        "@babel/helper-annotate-as-pure": {
          "version": "7.0.0",
          "bundled": true,
          "requires": {
            "@babel/types": "^7.0.0"
          }
        },
        "@babel/helper-module-imports": {
          "version": "7.0.0",
          "bundled": true,
          "requires": {
            "@babel/types": "^7.0.0"
          }
        },
        "@babel/types": {
          "version": "7.3.2",
          "bundled": true,
          "requires": {
            "esutils": "^2.0.2",
            "lodash": "^4.17.10",
            "to-fast-properties": "^2.0.0"
          }
        },
        "@emotion/is-prop-valid": {
          "version": "0.7.3",
          "bundled": true,
          "requires": {
            "@emotion/memoize": "0.7.1"
          }
        },
        "@emotion/memoize": {
          "version": "0.7.1",
          "bundled": true
        },
        "@emotion/unitless": {
          "version": "0.7.3",
          "bundled": true
        },
        "asap": {
          "version": "2.0.6",
          "bundled": true
        },
        "babel-plugin-styled-components": {
          "version": "1.10.0",
          "bundled": true,
          "requires": {
            "@babel/helper-annotate-as-pure": "^7.0.0",
            "@babel/helper-module-imports": "^7.0.0",
            "babel-plugin-syntax-jsx": "^6.18.0",
            "lodash": "^4.17.10"
          }
        },
        "babel-plugin-syntax-jsx": {
          "version": "6.18.0",
          "bundled": true
        },
        "core-js": {
          "version": "1.2.7",
          "bundled": true
        },
        "css-color-keywords": {
          "version": "1.0.0",
          "bundled": true
        },
        "css-to-react-native": {
          "version": "2.2.2",
          "bundled": true,
          "requires": {
            "css-color-keywords": "^1.0.0",
            "fbjs": "^0.8.5",
            "postcss-value-parser": "^3.3.0"
          }
        },
        "encoding": {
          "version": "0.1.12",
          "bundled": true,
          "requires": {
            "iconv-lite": "~0.4.13"
          }
        },
        "esutils": {
          "version": "2.0.2",
          "bundled": true
        },
        "fbjs": {
          "version": "0.8.17",
          "bundled": true,
          "requires": {
            "core-js": "^1.0.0",
            "isomorphic-fetch": "^2.1.1",
            "loose-envify": "^1.0.0",
            "object-assign": "^4.1.0",
            "promise": "^7.1.1",
            "setimmediate": "^1.0.5",
            "ua-parser-js": "^0.7.18"
          }
        },
        "has-flag": {
          "version": "3.0.0",
          "bundled": true
        },
        "iconv-lite": {
          "version": "0.4.24",
          "bundled": true,
          "requires": {
            "safer-buffer": ">= 2.1.2 < 3"
          }
        },
        "is-stream": {
          "version": "1.1.0",
          "bundled": true
        },
        "isomorphic-fetch": {
          "version": "2.2.1",
          "bundled": true,
          "requires": {
            "node-fetch": "^1.0.1",
            "whatwg-fetch": ">=0.10.0"
          }
        },
        "js-tokens": {
          "version": "4.0.0",
          "bundled": true
        },
        "lodash": {
          "version": "4.17.11",
          "bundled": true
        },
        "loose-envify": {
          "version": "1.4.0",
          "bundled": true,
          "requires": {
            "js-tokens": "^3.0.0 || ^4.0.0"
          }
        },
        "memoize-one": {
          "version": "4.0.3",
          "bundled": true
        },
        "node-fetch": {
          "version": "1.7.3",
          "bundled": true,
          "requires": {
            "encoding": "^0.1.11",
            "is-stream": "^1.0.1"
          }
        },
        "object-assign": {
          "version": "4.1.1",
          "bundled": true
        },
        "postcss-value-parser": {
          "version": "3.3.1",
          "bundled": true
        },
        "promise": {
          "version": "7.3.1",
          "bundled": true,
          "requires": {
            "asap": "~2.0.3"
          }
        },
        "prop-types": {
          "version": "15.6.2",
          "bundled": true,
          "requires": {
            "loose-envify": "^1.3.1",
            "object-assign": "^4.1.1"
          }
        },
        "react-is": {
          "version": "16.7.0",
          "bundled": true
        },
        "safer-buffer": {
          "version": "2.1.2",
          "bundled": true
        },
        "setimmediate": {
          "version": "1.0.5",
          "bundled": true
        },
        "styled-components": {
          "version": "4.1.3",
          "bundled": true,
          "requires": {
            "@babel/helper-module-imports": "^7.0.0",
            "@emotion/is-prop-valid": "^0.7.3",
            "@emotion/unitless": "^0.7.0",
            "babel-plugin-styled-components": ">= 1",
            "css-to-react-native": "^2.2.2",
            "memoize-one": "^4.0.0",
            "prop-types": "^15.5.4",
            "react-is": "^16.6.0",
            "stylis": "^3.5.0",
            "stylis-rule-sheet": "^0.0.10",
            "supports-color": "^5.5.0"
          }
        },
        "stylis": {
          "version": "3.5.4",
          "bundled": true
        },
        "stylis-rule-sheet": {
          "version": "0.0.10",
          "bundled": true
        },
        "supports-color": {
          "version": "5.5.0",
          "bundled": true,
          "requires": {
            "has-flag": "^3.0.0"
          }
        },
        "to-fast-properties": {
          "version": "2.0.0",
          "bundled": true
        },
        "ua-parser-js": {
          "version": "0.7.19",
          "bundled": true
        },
        "whatwg-fetch": {
          "version": "3.0.0",
          "bundled": true
        }
      }
    }
  }
}
